
Microsoft Visual Studio Solution File, Format Version 12.00
# Visual Studio Version 17
VisualStudioVersion = 17.14.36414.22 d17.14
MinimumVisualStudioVersion = 10.0.40219.1
Project("{FAE04EC0-301F-11D3-BF4B-00C04F79EFBC}") = "HurfEditor", "HurfEditor\HurfEditor.csproj", "{D9332FE9-D954-468E-B0C6-0B2D04AA0DB9}"
EndProject
Global
	GlobalSection(SolutionConfigurationPlatforms) = preSolution
		Debug|Any CPU = Debug|Any CPU
		Release|Any CPU = Release|Any CPU
	EndGlobalSection
	GlobalSection(ProjectConfigurationPlatforms) = postSolution
		{D9332FE9-D954-468E-B0C6-0B2D04AA0DB9}.Debug|Any CPU.ActiveCfg = Debug|Any CPU
		{D9332FE9-D954-468E-B0C6-0B2D04AA0DB9}.Debug|Any CPU.Build.0 = Debug|Any CPU
		{D9332FE9-D954-468E-B0C6-0B2D04AA0DB9}.Release|Any CPU.ActiveCfg = Release|Any CPU
		{D9332FE9-D954-468E-B0C6-0B2D04AA0DB9}.Release|Any CPU.Build.0 = Release|Any CPU
	EndGlobalSection
	GlobalSection(SolutionProperties) = preSolution
		HideSolutionNode = FALSE
	EndGlobalSection
	GlobalSection(ExtensibilityGlobals) = postSolution
		SolutionGuid = {99C1B0DA-A183-4BBA-9E51-470440A30229}
	EndGlobalSection
EndGlobal
